version = 1
revision = 2
requires-python = ">=3.13"

[[package]]
name = "dnspython"
version = "2.7.0"
source = { registry = "https://pypi.org/simple" }
sdist = { url = "https://files.pythonhosted.org/packages/b5/4a/263763cb2ba3816dd94b08ad3a33d5fdae34ecb856678773cc40a3605829/dnspython-2.7.0.tar.gz", hash = "sha256:ce9c432eda0dc91cf618a5cedf1a4e142651196bbcd2c80e89ed5a907e5cfaf1", size = 345197, upload-time = "2024-10-05T20:14:59.362Z" }
wheels = [
    { url = "https://files.pythonhosted.org/packages/68/1b/e0a87d256e40e8c888847551b20a017a6b98139178505dc7ffb96f04e954/dnspython-2.7.0-py3-none-any.whl", hash = "sha256:b4c34b7d10b51bcc3a5071e7b8dee77939f1e878477eeecc965e9835f63c6c86", size = 313632, upload-time = "2024-10-05T20:14:57.687Z" },
]

[[package]]
name = "googleapis-common-protos"
version = "1.70.0"
source = { registry = "https://pypi.org/simple" }
dependencies = [
    { name = "protobuf" },
]
sdist = { url = "https://files.pythonhosted.org/packages/39/24/33db22342cf4a2ea27c9955e6713140fedd51e8b141b5ce5260897020f1a/googleapis_common_protos-1.70.0.tar.gz", hash = "sha256:0e1b44e0ea153e6594f9f394fef15193a68aaaea2d843f83e2742717ca753257", size = 145903, upload-time = "2025-04-14T10:17:02.924Z" }
wheels = [
    { url = "https://files.pythonhosted.org/packages/86/f1/62a193f0227cf15a920390abe675f386dec35f7ae3ffe6da582d3ade42c7/googleapis_common_protos-1.70.0-py3-none-any.whl", hash = "sha256:b8bfcca8c25a2bb253e0e0b0adaf8c00773e5e6af6fd92397576680b807e0fd8", size = 294530, upload-time = "2025-04-14T10:17:01.271Z" },
]

[[package]]
name = "grpclib"
version = "0.4.8"
source = { registry = "https://pypi.org/simple" }
dependencies = [
    { name = "h2" },
    { name = "multidict" },
]
sdist = { url = "https://files.pythonhosted.org/packages/19/75/0f0d3524b38b35e5cd07334b754aa9bd0570140ad982131b04ebfa3b0374/grpclib-0.4.8.tar.gz", hash = "sha256:d8823763780ef94fed8b2c562f7485cf0bbee15fc7d065a640673667f7719c9a", size = 62793, upload-time = "2025-05-04T16:27:30.051Z" }
wheels = [
    { url = "https://files.pythonhosted.org/packages/03/8b/ad381ec1b8195fa4a9a693cb8087e031b99530c0d6b8ad036dcb99e144c4/grpclib-0.4.8-py3-none-any.whl", hash = "sha256:a5047733a7acc1c1cee6abf3c841c7c6fab67d2844a45a853b113fa2e6cd2654", size = 76311, upload-time = "2025-05-04T16:27:22.818Z" },
]

[[package]]
name = "h2"
version = "4.2.0"
source = { registry = "https://pypi.org/simple" }
dependencies = [
    { name = "hpack" },
    { name = "hyperframe" },
]
sdist = { url = "https://files.pythonhosted.org/packages/1b/38/d7f80fd13e6582fb8e0df8c9a653dcc02b03ca34f4d72f34869298c5baf8/h2-4.2.0.tar.gz", hash = "sha256:c8a52129695e88b1a0578d8d2cc6842bbd79128ac685463b887ee278126ad01f", size = 2150682, upload-time = "2025-02-02T07:43:51.815Z" }
wheels = [
    { url = "https://files.pythonhosted.org/packages/d0/9e/984486f2d0a0bd2b024bf4bc1c62688fcafa9e61991f041fb0e2def4a982/h2-4.2.0-py3-none-any.whl", hash = "sha256:479a53ad425bb29af087f3458a61d30780bc818e4ebcf01f0b536ba916462ed0", size = 60957, upload-time = "2025-02-01T11:02:26.481Z" },
]

[[package]]
name = "hpack"
version = "4.1.0"
source = { registry = "https://pypi.org/simple" }
sdist = { url = "https://files.pythonhosted.org/packages/2c/48/71de9ed269fdae9c8057e5a4c0aa7402e8bb16f2c6e90b3aa53327b113f8/hpack-4.1.0.tar.gz", hash = "sha256:ec5eca154f7056aa06f196a557655c5b009b382873ac8d1e66e79e87535f1dca", size = 51276, upload-time = "2025-01-22T21:44:58.347Z" }
wheels = [
    { url = "https://files.pythonhosted.org/packages/07/c6/80c95b1b2b94682a72cbdbfb85b81ae2daffa4291fbfa1b1464502ede10d/hpack-4.1.0-py3-none-any.whl", hash = "sha256:157ac792668d995c657d93111f46b4535ed114f0c9c8d672271bbec7eae1b496", size = 34357, upload-time = "2025-01-22T21:44:56.92Z" },
]

[[package]]
name = "hyperframe"
version = "6.1.0"
source = { registry = "https://pypi.org/simple" }
sdist = { url = "https://files.pythonhosted.org/packages/02/e7/94f8232d4a74cc99514c13a9f995811485a6903d48e5d952771ef6322e30/hyperframe-6.1.0.tar.gz", hash = "sha256:f630908a00854a7adeabd6382b43923a4c4cd4b821fcb527e6ab9e15382a3b08", size = 26566, upload-time = "2025-01-22T21:41:49.302Z" }
wheels = [
    { url = "https://files.pythonhosted.org/packages/48/30/47d0bf6072f7252e6521f3447ccfa40b421b6824517f82854703d0f5a98b/hyperframe-6.1.0-py3-none-any.whl", hash = "sha256:b03380493a519fce58ea5af42e4a42317bf9bd425596f7a0835ffce80f1a42e5", size = 13007, upload-time = "2025-01-22T21:41:47.295Z" },
]

[[package]]
name = "multidict"
version = "6.5.0"
source = { registry = "https://pypi.org/simple" }
sdist = { url = "https://files.pythonhosted.org/packages/46/b5/59f27b4ce9951a4bce56b88ba5ff5159486797ab18863f2b4c1c5e8465bd/multidict-6.5.0.tar.gz", hash = "sha256:942bd8002492ba819426a8d7aefde3189c1b87099cdf18aaaefefcf7f3f7b6d2", size = 98512, upload-time = "2025-06-17T14:15:56.556Z" }
wheels = [
    { url = "https://files.pythonhosted.org/packages/1a/c9/092c4e9402b6d16de761cff88cb842a5c8cc50ccecaf9c4481ba53264b9e/multidict-6.5.0-cp313-cp313-macosx_10_13_universal2.whl", hash = "sha256:53d92df1752df67a928fa7f884aa51edae6f1cf00eeb38cbcf318cf841c17456", size = 73486, upload-time = "2025-06-17T14:14:37.238Z" },
    { url = "https://files.pythonhosted.org/packages/08/f9/6f7ddb8213f5fdf4db48d1d640b78e8aef89b63a5de8a2313286db709250/multidict-6.5.0-cp313-cp313-macosx_10_13_x86_64.whl", hash = "sha256:680210de2c38eef17ce46b8df8bf2c1ece489261a14a6e43c997d49843a27c99", size = 43745, upload-time = "2025-06-17T14:14:38.32Z" },
    { url = "https://files.pythonhosted.org/packages/f3/a7/b9be0163bfeee3bb08a77a1705e24eb7e651d594ea554107fac8a1ca6a4d/multidict-6.5.0-cp313-cp313-macosx_11_0_arm64.whl", hash = "sha256:e279259bcb936732bfa1a8eec82b5d2352b3df69d2fa90d25808cfc403cee90a", size = 42135, upload-time = "2025-06-17T14:14:39.897Z" },
    { url = "https://files.pythonhosted.org/packages/8e/30/93c8203f943a417bda3c573a34d5db0cf733afdfffb0ca78545c7716dbd8/multidict-6.5.0-cp313-cp313-manylinux_2_17_aarch64.manylinux2014_aarch64.whl", hash = "sha256:d1c185fc1069781e3fc8b622c4331fb3b433979850392daa5efbb97f7f9959bb", size = 238585, upload-time = "2025-06-17T14:14:41.332Z" },
    { url = "https://files.pythonhosted.org/packages/9d/fe/2582b56a1807604774f566eeef183b0d6b148f4b89d1612cd077567b2e1e/multidict-6.5.0-cp313-cp313-manylinux_2_17_armv7l.manylinux2014_armv7l.manylinux_2_31_armv7l.whl", hash = "sha256:6bb5f65ff91daf19ce97f48f63585e51595539a8a523258b34f7cef2ec7e0617", size = 236174, upload-time = "2025-06-17T14:14:42.602Z" },
    { url = "https://files.pythonhosted.org/packages/9b/c4/d8b66d42d385bd4f974cbd1eaa8b265e6b8d297249009f312081d5ded5c7/multidict-6.5.0-cp313-cp313-manylinux_2_17_ppc64le.manylinux2014_ppc64le.whl", hash = "sha256:d8646b4259450c59b9286db280dd57745897897284f6308edbdf437166d93855", size = 250145, upload-time = "2025-06-17T14:14:43.944Z" },
    { url = "https://files.pythonhosted.org/packages/bc/64/62feda5093ee852426aae3df86fab079f8bf1cdbe403e1078c94672ad3ec/multidict-6.5.0-cp313-cp313-manylinux_2_17_s390x.manylinux2014_s390x.whl", hash = "sha256:d245973d4ecc04eea0a8e5ebec7882cf515480036e1b48e65dffcfbdf86d00be", size = 243470, upload-time = "2025-06-17T14:14:45.343Z" },
    { url = "https://files.pythonhosted.org/packages/67/dc/9f6fa6e854625cf289c0e9f4464b40212a01f76b2f3edfe89b6779b4fb93/multidict-6.5.0-cp313-cp313-manylinux_2_17_x86_64.manylinux2014_x86_64.whl", hash = "sha256:a133e7ddc9bc7fb053733d0ff697ce78c7bf39b5aec4ac12857b6116324c8d75", size = 236968, upload-time = "2025-06-17T14:14:46.609Z" },
    { url = "https://files.pythonhosted.org/packages/46/ae/4b81c6e3745faee81a156f3f87402315bdccf04236f75c03e37be19c94ff/multidict-6.5.0-cp313-cp313-manylinux_2_5_i686.manylinux1_i686.manylinux_2_17_i686.manylinux2014_i686.whl", hash = "sha256:80d696fa38d738fcebfd53eec4d2e3aeb86a67679fd5e53c325756682f152826", size = 236575, upload-time = "2025-06-17T14:14:47.929Z" },
    { url = "https://files.pythonhosted.org/packages/8a/fa/4089d7642ea344226e1bfab60dd588761d4791754f8072e911836a39bedf/multidict-6.5.0-cp313-cp313-musllinux_1_2_aarch64.whl", hash = "sha256:20d30c9410ac3908abbaa52ee5967a754c62142043cf2ba091e39681bd51d21a", size = 247632, upload-time = "2025-06-17T14:14:49.525Z" },
    { url = "https://files.pythonhosted.org/packages/16/ee/a353dac797de0f28fb7f078cc181c5f2eefe8dd16aa11a7100cbdc234037/multidict-6.5.0-cp313-cp313-musllinux_1_2_armv7l.whl", hash = "sha256:6c65068cc026f217e815fa519d8e959a7188e94ec163ffa029c94ca3ef9d4a73", size = 243520, upload-time = "2025-06-17T14:14:50.83Z" },
    { url = "https://files.pythonhosted.org/packages/50/ec/560deb3d2d95822d6eb1bcb1f1cb728f8f0197ec25be7c936d5d6a5d133c/multidict-6.5.0-cp313-cp313-musllinux_1_2_i686.whl", hash = "sha256:e355ac668a8c3e49c2ca8daa4c92f0ad5b705d26da3d5af6f7d971e46c096da7", size = 248551, upload-time = "2025-06-17T14:14:52.229Z" },
    { url = "https://files.pythonhosted.org/packages/10/85/ddf277e67c78205f6695f2a7639be459bca9cc353b962fd8085a492a262f/multidict-6.5.0-cp313-cp313-musllinux_1_2_ppc64le.whl", hash = "sha256:08db204213d0375a91a381cae0677ab95dd8c67a465eb370549daf6dbbf8ba10", size = 258362, upload-time = "2025-06-17T14:14:53.934Z" },
    { url = "https://files.pythonhosted.org/packages/02/fc/d64ee1df9b87c5210f2d4c419cab07f28589c81b4e5711eda05a122d0614/multidict-6.5.0-cp313-cp313-musllinux_1_2_s390x.whl", hash = "sha256:ffa58e3e215af8f6536dc837a990e456129857bb6fd546b3991be470abd9597a", size = 253862, upload-time = "2025-06-17T14:14:55.323Z" },
    { url = "https://files.pythonhosted.org/packages/c9/7c/a2743c00d9e25f4826d3a77cc13d4746398872cf21c843eef96bb9945665/multidict-6.5.0-cp313-cp313-musllinux_1_2_x86_64.whl", hash = "sha256:3e86eb90015c6f21658dbd257bb8e6aa18bdb365b92dd1fba27ec04e58cdc31b", size = 247391, upload-time = "2025-06-17T14:14:57.293Z" },
    { url = "https://files.pythonhosted.org/packages/9b/03/7773518db74c442904dbd349074f1e7f2a854cee4d9529fc59e623d3949e/multidict-6.5.0-cp313-cp313-win32.whl", hash = "sha256:f34a90fbd9959d0f857323bd3c52b3e6011ed48f78d7d7b9e04980b8a41da3af", size = 41115, upload-time = "2025-06-17T14:14:59.33Z" },
    { url = "https://files.pythonhosted.org/packages/eb/9a/6fc51b1dc11a7baa944bc101a92167d8b0f5929d376a8c65168fc0d35917/multidict-6.5.0-cp313-cp313-win_amd64.whl", hash = "sha256:fcb2aa79ac6aef8d5b709bbfc2fdb1d75210ba43038d70fbb595b35af470ce06", size = 44768, upload-time = "2025-06-17T14:15:00.427Z" },
    { url = "https://files.pythonhosted.org/packages/82/2d/0d010be24b663b3c16e3d3307bbba2de5ae8eec496f6027d5c0515b371a8/multidict-6.5.0-cp313-cp313-win_arm64.whl", hash = "sha256:6dcee5e7e92060b4bb9bb6f01efcbb78c13d0e17d9bc6eec71660dd71dc7b0c2", size = 41770, upload-time = "2025-06-17T14:15:01.854Z" },
    { url = "https://files.pythonhosted.org/packages/aa/d1/a71711a5f32f84b7b036e82182e3250b949a0ce70d51a2c6a4079e665449/multidict-6.5.0-cp313-cp313t-macosx_10_13_universal2.whl", hash = "sha256:cbbc88abea2388fde41dd574159dec2cda005cb61aa84950828610cb5010f21a", size = 80450, upload-time = "2025-06-17T14:15:02.968Z" },
    { url = "https://files.pythonhosted.org/packages/0f/a2/953a9eede63a98fcec2c1a2c1a0d88de120056219931013b871884f51b43/multidict-6.5.0-cp313-cp313t-macosx_10_13_x86_64.whl", hash = "sha256:70b599f70ae6536e5976364d3c3cf36f40334708bd6cebdd1e2438395d5e7676", size = 46971, upload-time = "2025-06-17T14:15:04.149Z" },
    { url = "https://files.pythonhosted.org/packages/44/61/60250212953459edda2c729e1d85130912f23c67bd4f585546fe4bdb1578/multidict-6.5.0-cp313-cp313t-macosx_11_0_arm64.whl", hash = "sha256:828bab777aa8d29d59700018178061854e3a47727e0611cb9bec579d3882de3b", size = 45548, upload-time = "2025-06-17T14:15:05.666Z" },
    { url = "https://files.pythonhosted.org/packages/11/b6/e78ee82e96c495bc2582b303f68bed176b481c8d81a441fec07404fce2ca/multidict-6.5.0-cp313-cp313t-manylinux_2_17_aarch64.manylinux2014_aarch64.whl", hash = "sha256:a9695fc1462f17b131c111cf0856a22ff154b0480f86f539d24b2778571ff94d", size = 238545, upload-time = "2025-06-17T14:15:06.88Z" },
    { url = "https://files.pythonhosted.org/packages/5a/0f/6132ca06670c8d7b374c3a4fd1ba896fc37fbb66b0de903f61db7d1020ec/multidict-6.5.0-cp313-cp313t-manylinux_2_17_armv7l.manylinux2014_armv7l.manylinux_2_31_armv7l.whl", hash = "sha256:0b5ac6ebaf5d9814b15f399337ebc6d3a7f4ce9331edd404e76c49a01620b68d", size = 229931, upload-time = "2025-06-17T14:15:08.24Z" },
    { url = "https://files.pythonhosted.org/packages/c0/63/d9957c506e6df6b3e7a194f0eea62955c12875e454b978f18262a65d017b/multidict-6.5.0-cp313-cp313t-manylinux_2_17_ppc64le.manylinux2014_ppc64le.whl", hash = "sha256:84a51e3baa77ded07be4766a9e41d977987b97e49884d4c94f6d30ab6acaee14", size = 248181, upload-time = "2025-06-17T14:15:09.907Z" },
    { url = "https://files.pythonhosted.org/packages/43/3f/7d5490579640db5999a948e2c41d4a0efd91a75989bda3e0a03a79c92be2/multidict-6.5.0-cp313-cp313t-manylinux_2_17_s390x.manylinux2014_s390x.whl", hash = "sha256:8de67f79314d24179e9b1869ed15e88d6ba5452a73fc9891ac142e0ee018b5d6", size = 241846, upload-time = "2025-06-17T14:15:11.596Z" },
    { url = "https://files.pythonhosted.org/packages/e1/f7/252b1ce949ece52bba4c0de7aa2e3a3d5964e800bce71fb778c2e6c66f7c/multidict-6.5.0-cp313-cp313t-manylinux_2_17_x86_64.manylinux2014_x86_64.whl", hash = "sha256:17f78a52c214481d30550ec18208e287dfc4736f0c0148208334b105fd9e0887", size = 232893, upload-time = "2025-06-17T14:15:12.946Z" },
    { url = "https://files.pythonhosted.org/packages/45/7e/0070bfd48c16afc26e056f2acce49e853c0d604a69c7124bc0bbdb1bcc0a/multidict-6.5.0-cp313-cp313t-manylinux_2_5_i686.manylinux1_i686.manylinux_2_17_i686.manylinux2014_i686.whl", hash = "sha256:2966d0099cb2e2039f9b0e73e7fd5eb9c85805681aa2a7f867f9d95b35356921", size = 228567, upload-time = "2025-06-17T14:15:14.267Z" },
    { url = "https://files.pythonhosted.org/packages/2a/31/90551c75322113ebf5fd9c5422e8641d6952f6edaf6b6c07fdc49b1bebdd/multidict-6.5.0-cp313-cp313t-musllinux_1_2_aarch64.whl", hash = "sha256:86fb42ed5ed1971c642cc52acc82491af97567534a8e381a8d50c02169c4e684", size = 246188, upload-time = "2025-06-17T14:15:15.985Z" },
    { url = "https://files.pythonhosted.org/packages/cc/e2/aa4b02a55e7767ff292871023817fe4db83668d514dab7ccbce25eaf7659/multidict-6.5.0-cp313-cp313t-musllinux_1_2_armv7l.whl", hash = "sha256:4e990cbcb6382f9eae4ec720bcac6a1351509e6fc4a5bb70e4984b27973934e6", size = 235178, upload-time = "2025-06-17T14:15:17.395Z" },
    { url = "https://files.pythonhosted.org/packages/7d/5c/f67e726717c4b138b166be1700e2b56e06fbbcb84643d15f9a9d7335ff41/multidict-6.5.0-cp313-cp313t-musllinux_1_2_i686.whl", hash = "sha256:d99a59d64bb1f7f2117bec837d9e534c5aeb5dcedf4c2b16b9753ed28fdc20a3", size = 243422, upload-time = "2025-06-17T14:15:18.939Z" },
    { url = "https://files.pythonhosted.org/packages/e5/1c/15fa318285e26a50aa3fa979bbcffb90f9b4d5ec58882d0590eda067d0da/multidict-6.5.0-cp313-cp313t-musllinux_1_2_ppc64le.whl", hash = "sha256:e8ef15cc97c9890212e1caf90f0d63f6560e1e101cf83aeaf63a57556689fb34", size = 254898, upload-time = "2025-06-17T14:15:20.31Z" },
    { url = "https://files.pythonhosted.org/packages/ad/3d/d6c6d1c2e9b61ca80313912d30bb90d4179335405e421ef0a164eac2c0f9/multidict-6.5.0-cp313-cp313t-musllinux_1_2_s390x.whl", hash = "sha256:b8a09aec921b34bd8b9f842f0bcfd76c6a8c033dc5773511e15f2d517e7e1068", size = 247129, upload-time = "2025-06-17T14:15:21.665Z" },
    { url = "https://files.pythonhosted.org/packages/29/15/1568258cf0090bfa78d44be66247cfdb16e27dfd935c8136a1e8632d3057/multidict-6.5.0-cp313-cp313t-musllinux_1_2_x86_64.whl", hash = "sha256:ff07b504c23b67f2044533244c230808a1258b3493aaf3ea2a0785f70b7be461", size = 243841, upload-time = "2025-06-17T14:15:23.38Z" },
    { url = "https://files.pythonhosted.org/packages/65/57/64af5dbcfd61427056e840c8e520b502879d480f9632fbe210929fd87393/multidict-6.5.0-cp313-cp313t-win32.whl", hash = "sha256:9232a117341e7e979d210e41c04e18f1dc3a1d251268df6c818f5334301274e1", size = 46761, upload-time = "2025-06-17T14:15:24.733Z" },
    { url = "https://files.pythonhosted.org/packages/26/a8/cac7f7d61e188ff44f28e46cb98f9cc21762e671c96e031f06c84a60556e/multidict-6.5.0-cp313-cp313t-win_amd64.whl", hash = "sha256:44cb5c53fb2d4cbcee70a768d796052b75d89b827643788a75ea68189f0980a1", size = 52112, upload-time = "2025-06-17T14:15:25.906Z" },
    { url = "https://files.pythonhosted.org/packages/51/9f/076533feb1b5488d22936da98b9c217205cfbf9f56f7174e8c5c86d86fe6/multidict-6.5.0-cp313-cp313t-win_arm64.whl", hash = "sha256:51d33fafa82640c0217391d4ce895d32b7e84a832b8aee0dcc1b04d8981ec7f4", size = 44358, upload-time = "2025-06-17T14:15:27.117Z" },
    { url = "https://files.pythonhosted.org/packages/44/d8/45e8fc9892a7386d074941429e033adb4640e59ff0780d96a8cf46fe788e/multidict-6.5.0-py3-none-any.whl", hash = "sha256:5634b35f225977605385f56153bd95a7133faffc0ffe12ad26e10517537e8dfc", size = 12181, upload-time = "2025-06-17T14:15:55.156Z" },
]

[[package]]
name = "protobuf"
version = "5.29.2"
source = { registry = "https://pypi.org/simple" }
sdist = { url = "https://files.pythonhosted.org/packages/a5/73/4e6295c1420a9d20c9c351db3a36109b4c9aa601916cb7c6871e3196a1ca/protobuf-5.29.2.tar.gz", hash = "sha256:b2cc8e8bb7c9326996f0e160137b0861f1a82162502658df2951209d0cb0309e", size = 424901, upload-time = "2024-12-18T15:31:16.724Z" }
wheels = [
    { url = "https://files.pythonhosted.org/packages/f3/42/6db5387124708d619ffb990a846fb123bee546f52868039f8fa964c5bc54/protobuf-5.29.2-cp310-abi3-win32.whl", hash = "sha256:c12ba8249f5624300cf51c3d0bfe5be71a60c63e4dcf51ffe9a68771d958c851", size = 422697, upload-time = "2024-12-18T15:30:50.3Z" },
    { url = "https://files.pythonhosted.org/packages/6c/38/2fcc968b377b531882d6ab2ac99b10ca6d00108394f6ff57c2395fb7baff/protobuf-5.29.2-cp310-abi3-win_amd64.whl", hash = "sha256:842de6d9241134a973aab719ab42b008a18a90f9f07f06ba480df268f86432f9", size = 434495, upload-time = "2024-12-18T15:30:53.718Z" },
    { url = "https://files.pythonhosted.org/packages/cb/26/41debe0f6615fcb7e97672057524687ed86fcd85e3da3f031c30af8f0c51/protobuf-5.29.2-cp38-abi3-macosx_10_9_universal2.whl", hash = "sha256:a0c53d78383c851bfa97eb42e3703aefdc96d2036a41482ffd55dc5f529466eb", size = 417812, upload-time = "2024-12-18T15:30:56.007Z" },
    { url = "https://files.pythonhosted.org/packages/e4/20/38fc33b60dcfb380507b99494aebe8c34b68b8ac7d32808c4cebda3f6f6b/protobuf-5.29.2-cp38-abi3-manylinux2014_aarch64.whl", hash = "sha256:494229ecd8c9009dd71eda5fd57528395d1eacdf307dbece6c12ad0dd09e912e", size = 319562, upload-time = "2024-12-18T15:30:57.141Z" },
    { url = "https://files.pythonhosted.org/packages/90/4d/c3d61e698e0e41d926dbff6aa4e57428ab1a6fc3b5e1deaa6c9ec0fd45cf/protobuf-5.29.2-cp38-abi3-manylinux2014_x86_64.whl", hash = "sha256:b6b0d416bbbb9d4fbf9d0561dbfc4e324fd522f61f7af0fe0f282ab67b22477e", size = 319662, upload-time = "2024-12-18T15:30:58.817Z" },
    { url = "https://files.pythonhosted.org/packages/f3/fd/c7924b4c2a1c61b8f4b64edd7a31ffacf63432135a2606f03a2f0d75a750/protobuf-5.29.2-py3-none-any.whl", hash = "sha256:fde4554c0e578a5a0bcc9a276339594848d1e89f9ea47b4427c80e5d72f90181", size = 172539, upload-time = "2024-12-18T15:31:14.458Z" },
]

[[package]]
name = "pymongo"
version = "4.13.2"
source = { registry = "https://pypi.org/simple" }
dependencies = [
    { name = "dnspython" },
]
sdist = { url = "https://files.pythonhosted.org/packages/4b/5a/d664298bf54762f0c89b8aa2c276868070e06afb853b4a8837de5741e5f9/pymongo-4.13.2.tar.gz", hash = "sha256:0f64c6469c2362962e6ce97258ae1391abba1566a953a492562d2924b44815c2", size = 2167844, upload-time = "2025-06-16T18:16:30.685Z" }
wheels = [
    { url = "https://files.pythonhosted.org/packages/e0/95/b44b8e24b161afe7b244f6d43c09a7a1f93308cad04198de1c14c67b24ce/pymongo-4.13.2-cp313-cp313-macosx_10_13_x86_64.whl", hash = "sha256:d6044ca0eb74d97f7d3415264de86a50a401b7b0b136d30705f022f9163c3124", size = 966232, upload-time = "2025-06-16T18:15:33.057Z" },
    { url = "https://files.pythonhosted.org/packages/6d/fc/d4d59799a52033acb187f7bd1f09bc75bebb9fd12cef4ba2964d235ad3f9/pymongo-4.13.2-cp313-cp313-macosx_11_0_arm64.whl", hash = "sha256:dd326bcb92d28d28a3e7ef0121602bad78691b6d4d1f44b018a4616122f1ba8b", size = 965935, upload-time = "2025-06-16T18:15:34.826Z" },
    { url = "https://files.pythonhosted.org/packages/07/a8/67502899d89b317ea9952e4769bc193ca15efee561b24b38a86c59edde6f/pymongo-4.13.2-cp313-cp313-manylinux_2_17_aarch64.manylinux2014_aarch64.whl", hash = "sha256:dfb0c21bdd58e58625c9cd8de13e859630c29c9537944ec0a14574fdf88c2ac4", size = 1954070, upload-time = "2025-06-16T18:15:36.576Z" },
    { url = "https://files.pythonhosted.org/packages/da/3b/0dac5d81d1af1b96b3200da7ccc52fc261a35efb7d2ac493252eb40a2b11/pymongo-4.13.2-cp313-cp313-manylinux_2_17_ppc64le.manylinux2014_ppc64le.whl", hash = "sha256:c9c7d345d57f17b1361008aea78a37e8c139631a46aeb185dd2749850883c7ba", size = 2031424, upload-time = "2025-06-16T18:15:38.723Z" },
    { url = "https://files.pythonhosted.org/packages/31/ed/7a5af49a153224ca7e31e9915703e612ad9c45808cc39540e9dd1a2a7537/pymongo-4.13.2-cp313-cp313-manylinux_2_17_s390x.manylinux2014_s390x.whl", hash = "sha256:8860445a8da1b1545406fab189dc20319aff5ce28e65442b2b4a8f4228a88478", size = 1995339, upload-time = "2025-06-16T18:15:40.474Z" },
    { url = "https://files.pythonhosted.org/packages/f1/e9/9c72eceae8439c4f1bdebc4e6b290bf035e3f050a80eeb74abb5e12ef8e2/pymongo-4.13.2-cp313-cp313-manylinux_2_17_x86_64.manylinux2014_x86_64.whl", hash = "sha256:01c184b612f67d5a4c8f864ae7c40b6cc33c0e9bb05e39d08666f8831d120504", size = 1956066, upload-time = "2025-06-16T18:15:42.272Z" },
    { url = "https://files.pythonhosted.org/packages/ac/79/9b019c47923395d5fced03856996465fb9340854b0f5a2ddf16d47e2437c/pymongo-4.13.2-cp313-cp313-manylinux_2_5_i686.manylinux1_i686.manylinux_2_17_i686.manylinux2014_i686.whl", hash = "sha256:ae2ea8c62d5f3c6529407c12471385d9a05f9fb890ce68d64976340c85cd661b", size = 1905642, upload-time = "2025-06-16T18:15:43.978Z" },
    { url = "https://files.pythonhosted.org/packages/93/2f/ebf56c7fa9298fa2f9716e7b66cf62b29e7fc6e11774f3b87f55d214d466/pymongo-4.13.2-cp313-cp313-win32.whl", hash = "sha256:d13556e91c4a8cb07393b8c8be81e66a11ebc8335a40fa4af02f4d8d3b40c8a1", size = 930184, upload-time = "2025-06-16T18:15:46.899Z" },
    { url = "https://files.pythonhosted.org/packages/76/2f/49c35464cbd5d116d950ff5d24b4b20491aaae115d35d40b945c33b29250/pymongo-4.13.2-cp313-cp313-win_amd64.whl", hash = "sha256:cfc69d7bc4d4d5872fd1e6de25e6a16e2372c7d5556b75c3b8e2204dce73e3fb", size = 955111, upload-time = "2025-06-16T18:15:48.85Z" },
    { url = "https://files.pythonhosted.org/packages/57/56/b17c8b5329b1842b7847cf0fa224ef0a272bf2e5126360f4da8065c855a1/pymongo-4.13.2-cp313-cp313t-macosx_10_13_x86_64.whl", hash = "sha256:a457d2ac34c05e9e8a6bb724115b093300bf270f0655fb897df8d8604b2e3700", size = 1022735, upload-time = "2025-06-16T18:15:50.672Z" },
    { url = "https://files.pythonhosted.org/packages/83/e6/66fec65a7919bf5f35be02e131b4dc4bf3152b5e8d78cd04b6d266a44514/pymongo-4.13.2-cp313-cp313t-macosx_11_0_arm64.whl", hash = "sha256:02f131a6e61559613b1171b53fbe21fed64e71b0cb4858c47fc9bc7c8e0e501c", size = 1022740, upload-time = "2025-06-16T18:15:53.218Z" },
    { url = "https://files.pythonhosted.org/packages/17/92/cda7383df0d5e71dc007f172c1ecae6313d64ea05d82bbba06df7f6b3e49/pymongo-4.13.2-cp313-cp313t-manylinux_2_17_aarch64.manylinux2014_aarch64.whl", hash = "sha256:8c942d1c6334e894271489080404b1a2e3b8bd5de399f2a0c14a77d966be5bc9", size = 2282430, upload-time = "2025-06-16T18:15:55.356Z" },
    { url = "https://files.pythonhosted.org/packages/84/da/285e05eb1d617b30dc7a7a98ebeb264353a8903e0e816a4eec6487c81f18/pymongo-4.13.2-cp313-cp313t-manylinux_2_17_ppc64le.manylinux2014_ppc64le.whl", hash = "sha256:850168d115680ab66a0931a6aa9dd98ed6aa5e9c3b9a6c12128049b9a5721bc5", size = 2369470, upload-time = "2025-06-16T18:15:57.5Z" },
    { url = "https://files.pythonhosted.org/packages/89/c0/c0d5eae236de9ca293497dc58fc1e4872382223c28ec223f76afc701392c/pymongo-4.13.2-cp313-cp313t-manylinux_2_17_s390x.manylinux2014_s390x.whl", hash = "sha256:af7dfff90647ee77c53410f7fe8ca4fe343f8b768f40d2d0f71a5602f7b5a541", size = 2328857, upload-time = "2025-06-16T18:15:59.59Z" },
    { url = "https://files.pythonhosted.org/packages/2b/5a/d8639fba60def128ce9848b99c56c54c8a4d0cd60342054cd576f0bfdf26/pymongo-4.13.2-cp313-cp313t-manylinux_2_17_x86_64.manylinux2014_x86_64.whl", hash = "sha256:f8057f9bc9c94a8fd54ee4f5e5106e445a8f406aff2df74746f21c8791ee2403", size = 2280053, upload-time = "2025-06-16T18:16:02.166Z" },
    { url = "https://files.pythonhosted.org/packages/a1/69/d56f0897cc4932a336820c5d2470ffed50be04c624b07d1ad6ea75aaa975/pymongo-4.13.2-cp313-cp313t-manylinux_2_5_i686.manylinux1_i686.manylinux_2_17_i686.manylinux2014_i686.whl", hash = "sha256:51040e1ba78d6671f8c65b29e2864483451e789ce93b1536de9cc4456ede87fa", size = 2219378, upload-time = "2025-06-16T18:16:04.108Z" },
    { url = "https://files.pythonhosted.org/packages/04/1e/427e7f99801ee318b6331062d682d3816d7e1d6b6013077636bd75d49c87/pymongo-4.13.2-cp313-cp313t-win32.whl", hash = "sha256:7ab86b98a18c8689514a9f8d0ec7d9ad23a949369b31c9a06ce4a45dcbffcc5e", size = 979460, upload-time = "2025-06-16T18:16:06.128Z" },
    { url = "https://files.pythonhosted.org/packages/b5/9c/00301a6df26f0f8d5c5955192892241e803742e7c3da8c2c222efabc0df6/pymongo-4.13.2-cp313-cp313t-win_amd64.whl", hash = "sha256:c38168263ed94a250fc5cf9c6d33adea8ab11c9178994da1c3481c2a49d235f8", size = 1011057, upload-time = "2025-06-16T18:16:07.917Z" },
]

[[package]]
name = "python-dotenv"
version = "1.1.0"
source = { registry = "https://pypi.org/simple" }
sdist = { url = "https://files.pythonhosted.org/packages/88/2c/7bb1416c5620485aa793f2de31d3df393d3686aa8a8506d11e10e13c5baf/python_dotenv-1.1.0.tar.gz", hash = "sha256:41f90bc6f5f177fb41f53e87666db362025010eb28f60a01c9143bfa33a2b2d5", size = 39920, upload-time = "2025-03-25T10:14:56.835Z" }
wheels = [
    { url = "https://files.pythonhosted.org/packages/1e/18/98a99ad95133c6a6e2005fe89faedf294a748bd5dc803008059409ac9b1e/python_dotenv-1.1.0-py3-none-any.whl", hash = "sha256:d7c01d9e2293916c18baf562d95698754b0dbbb5e74d457c45d4f6561fb9d55d", size = 20256, upload-time = "2025-03-25T10:14:55.034Z" },
]

[[package]]
name = "ruff"
version = "0.12.0"
source = { registry = "https://pypi.org/simple" }
sdist = { url = "https://files.pythonhosted.org/packages/24/90/5255432602c0b196a0da6720f6f76b93eb50baef46d3c9b0025e2f9acbf3/ruff-0.12.0.tar.gz", hash = "sha256:4d047db3662418d4a848a3fdbfaf17488b34b62f527ed6f10cb8afd78135bc5c", size = 4376101, upload-time = "2025-06-17T15:19:26.217Z" }
wheels = [
    { url = "https://files.pythonhosted.org/packages/e6/fd/b46bb20e14b11ff49dbc74c61de352e0dc07fb650189513631f6fb5fc69f/ruff-0.12.0-py3-none-linux_armv6l.whl", hash = "sha256:5652a9ecdb308a1754d96a68827755f28d5dfb416b06f60fd9e13f26191a8848", size = 10311554, upload-time = "2025-06-17T15:18:45.792Z" },
    { url = "https://files.pythonhosted.org/packages/e7/d3/021dde5a988fa3e25d2468d1dadeea0ae89dc4bc67d0140c6e68818a12a1/ruff-0.12.0-py3-none-macosx_10_12_x86_64.whl", hash = "sha256:05ed0c914fabc602fc1f3b42c53aa219e5736cb030cdd85640c32dbc73da74a6", size = 11118435, upload-time = "2025-06-17T15:18:49.064Z" },
    { url = "https://files.pythonhosted.org/packages/07/a2/01a5acf495265c667686ec418f19fd5c32bcc326d4c79ac28824aecd6a32/ruff-0.12.0-py3-none-macosx_11_0_arm64.whl", hash = "sha256:07a7aa9b69ac3fcfda3c507916d5d1bca10821fe3797d46bad10f2c6de1edda0", size = 10466010, upload-time = "2025-06-17T15:18:51.341Z" },
    { url = "https://files.pythonhosted.org/packages/4c/57/7caf31dd947d72e7aa06c60ecb19c135cad871a0a8a251723088132ce801/ruff-0.12.0-py3-none-manylinux_2_17_aarch64.manylinux2014_aarch64.whl", hash = "sha256:e7731c3eec50af71597243bace7ec6104616ca56dda2b99c89935fe926bdcd48", size = 10661366, upload-time = "2025-06-17T15:18:53.29Z" },
    { url = "https://files.pythonhosted.org/packages/e9/ba/aa393b972a782b4bc9ea121e0e358a18981980856190d7d2b6187f63e03a/ruff-0.12.0-py3-none-manylinux_2_17_armv7l.manylinux2014_armv7l.whl", hash = "sha256:952d0630eae628250ab1c70a7fffb641b03e6b4a2d3f3ec6c1d19b4ab6c6c807", size = 10173492, upload-time = "2025-06-17T15:18:55.262Z" },
    { url = "https://files.pythonhosted.org/packages/d7/50/9349ee777614bc3062fc6b038503a59b2034d09dd259daf8192f56c06720/ruff-0.12.0-py3-none-manylinux_2_17_i686.manylinux2014_i686.whl", hash = "sha256:c021f04ea06966b02614d442e94071781c424ab8e02ec7af2f037b4c1e01cc82", size = 11761739, upload-time = "2025-06-17T15:18:58.906Z" },
    { url = "https://files.pythonhosted.org/packages/04/8f/ad459de67c70ec112e2ba7206841c8f4eb340a03ee6a5cabc159fe558b8e/ruff-0.12.0-py3-none-manylinux_2_17_ppc64.manylinux2014_ppc64.whl", hash = "sha256:7d235618283718ee2fe14db07f954f9b2423700919dc688eacf3f8797a11315c", size = 12537098, upload-time = "2025-06-17T15:19:01.316Z" },
    { url = "https://files.pythonhosted.org/packages/ed/50/15ad9c80ebd3c4819f5bd8883e57329f538704ed57bac680d95cb6627527/ruff-0.12.0-py3-none-manylinux_2_17_ppc64le.manylinux2014_ppc64le.whl", hash = "sha256:0c0758038f81beec8cc52ca22de9685b8ae7f7cc18c013ec2050012862cc9165", size = 12154122, upload-time = "2025-06-17T15:19:03.727Z" },
    { url = "https://files.pythonhosted.org/packages/76/e6/79b91e41bc8cc3e78ee95c87093c6cacfa275c786e53c9b11b9358026b3d/ruff-0.12.0-py3-none-manylinux_2_17_s390x.manylinux2014_s390x.whl", hash = "sha256:139b3d28027987b78fc8d6cfb61165447bdf3740e650b7c480744873688808c2", size = 11363374, upload-time = "2025-06-17T15:19:05.875Z" },
    { url = "https://files.pythonhosted.org/packages/db/c3/82b292ff8a561850934549aa9dc39e2c4e783ab3c21debe55a495ddf7827/ruff-0.12.0-py3-none-manylinux_2_17_x86_64.manylinux2014_x86_64.whl", hash = "sha256:68853e8517b17bba004152aebd9dd77d5213e503a5f2789395b25f26acac0da4", size = 11587647, upload-time = "2025-06-17T15:19:08.246Z" },
    { url = "https://files.pythonhosted.org/packages/2b/42/d5760d742669f285909de1bbf50289baccb647b53e99b8a3b4f7ce1b2001/ruff-0.12.0-py3-none-musllinux_1_2_aarch64.whl", hash = "sha256:3a9512af224b9ac4757f7010843771da6b2b0935a9e5e76bb407caa901a1a514", size = 10527284, upload-time = "2025-06-17T15:19:10.37Z" },
    { url = "https://files.pythonhosted.org/packages/19/f6/fcee9935f25a8a8bba4adbae62495c39ef281256693962c2159e8b284c5f/ruff-0.12.0-py3-none-musllinux_1_2_armv7l.whl", hash = "sha256:b08df3d96db798e5beb488d4df03011874aff919a97dcc2dd8539bb2be5d6a88", size = 10158609, upload-time = "2025-06-17T15:19:12.286Z" },
    { url = "https://files.pythonhosted.org/packages/37/fb/057febf0eea07b9384787bfe197e8b3384aa05faa0d6bd844b94ceb29945/ruff-0.12.0-py3-none-musllinux_1_2_i686.whl", hash = "sha256:6a315992297a7435a66259073681bb0d8647a826b7a6de45c6934b2ca3a9ed51", size = 11141462, upload-time = "2025-06-17T15:19:15.195Z" },
    { url = "https://files.pythonhosted.org/packages/10/7c/1be8571011585914b9d23c95b15d07eec2d2303e94a03df58294bc9274d4/ruff-0.12.0-py3-none-musllinux_1_2_x86_64.whl", hash = "sha256:1e55e44e770e061f55a7dbc6e9aed47feea07731d809a3710feda2262d2d4d8a", size = 11641616, upload-time = "2025-06-17T15:19:17.6Z" },
    { url = "https://files.pythonhosted.org/packages/6a/ef/b960ab4818f90ff59e571d03c3f992828d4683561095e80f9ef31f3d58b7/ruff-0.12.0-py3-none-win32.whl", hash = "sha256:7162a4c816f8d1555eb195c46ae0bd819834d2a3f18f98cc63819a7b46f474fb", size = 10525289, upload-time = "2025-06-17T15:19:19.688Z" },
    { url = "https://files.pythonhosted.org/packages/34/93/8b16034d493ef958a500f17cda3496c63a537ce9d5a6479feec9558f1695/ruff-0.12.0-py3-none-win_amd64.whl", hash = "sha256:d00b7a157b8fb6d3827b49d3324da34a1e3f93492c1f97b08e222ad7e9b291e0", size = 11598311, upload-time = "2025-06-17T15:19:21.785Z" },
    { url = "https://files.pythonhosted.org/packages/d0/33/4d3e79e4a84533d6cd526bfb42c020a23256ae5e4265d858bd1287831f7d/ruff-0.12.0-py3-none-win_arm64.whl", hash = "sha256:8cd24580405ad8c1cc64d61725bca091d6b6da7eb3d36f72cc605467069d7e8b", size = 10724946, upload-time = "2025-06-17T15:19:23.952Z" },
]

[[package]]
name = "trigger-bot"
version = "0.1.0"
source = { virtual = "." }
dependencies = [
    { name = "python-dotenv" },
    { name = "viam-sdk" },
]

[package.dev-dependencies]
lint = [
    { name = "ruff" },
]

[package.metadata]
requires-dist = [
    { name = "python-dotenv", specifier = ">=1.1.0" },
    { name = "viam-sdk", specifier = ">=0.47.0" },
]

[package.metadata.requires-dev]
lint = [{ name = "ruff", specifier = ">=0.12.0" }]

[[package]]
name = "typing-extensions"
version = "4.14.0"
source = { registry = "https://pypi.org/simple" }
sdist = { url = "https://files.pythonhosted.org/packages/d1/bc/51647cd02527e87d05cb083ccc402f93e441606ff1f01739a62c8ad09ba5/typing_extensions-4.14.0.tar.gz", hash = "sha256:8676b788e32f02ab42d9e7c61324048ae4c6d844a399eebace3d4979d75ceef4", size = 107423, upload-time = "2025-06-02T14:52:11.399Z" }
wheels = [
    { url = "https://files.pythonhosted.org/packages/69/e0/552843e0d356fbb5256d21449fa957fa4eff3bbc135a74a691ee70c7c5da/typing_extensions-4.14.0-py3-none-any.whl", hash = "sha256:a1514509136dd0b477638fc68d6a91497af5076466ad0fa6c338e44e359944af", size = 43839, upload-time = "2025-06-02T14:52:10.026Z" },
]

[[package]]
name = "viam-sdk"
version = "0.47.0"
source = { registry = "https://pypi.org/simple" }
dependencies = [
    { name = "googleapis-common-protos" },
    { name = "grpclib" },
    { name = "protobuf" },
    { name = "pymongo" },
    { name = "typing-extensions" },
]
wheels = [
    { url = "https://files.pythonhosted.org/packages/c0/d8/63e778594be69d15645e4f7cdcf3f26c0d34f03fc74783106c3eed280f4f/viam_sdk-0.47.0-py3-none-linux_armv6l.whl", hash = "sha256:561a0672d7b73ba53cae48ddac109c44e093f1f989ae5d236f031c0f7554ee19", size = 8300943, upload-time = "2025-05-19T14:16:37.398Z" },
    { url = "https://files.pythonhosted.org/packages/df/c1/36c2ccc64f02527db67129d6695a1f9396e094120ea866425af9326a7e0c/viam_sdk-0.47.0-py3-none-linux_armv7l.whl", hash = "sha256:311efbdc5923bdc0e63aeb0c72021d427d51f47f4a9e9354bdfb85d924652c88", size = 8301218, upload-time = "2025-05-19T14:16:39.406Z" },
    { url = "https://files.pythonhosted.org/packages/97/65/d01abc642687a5927ec1c94801ff8c67454d976f676a7a78a130e6a81ebc/viam_sdk-0.47.0-py3-none-macosx_10_16_x86_64.whl", hash = "sha256:962b1d66486eeab3204f9f1b275a34185115fd316996000eac7fe0e066725167", size = 7884241, upload-time = "2025-05-19T14:16:41.574Z" },
    { url = "https://files.pythonhosted.org/packages/d5/67/491437533aa8e91f22517bcbb9c91665856dc1a6ddc7f8968ecd86aeb66d/viam_sdk-0.47.0-py3-none-macosx_11_0_arm64.whl", hash = "sha256:9bf96fdc410b6ffad2e0e19255158646c6bf41c59beea5e7138dfe0efef09bb6", size = 7621040, upload-time = "2025-05-19T14:16:43.149Z" },
    { url = "https://files.pythonhosted.org/packages/34/4d/6d8dc0e2c049615b98fc31ccb27185890a0fb6b42d5e4e13879488af0bf5/viam_sdk-0.47.0-py3-none-manylinux2014_aarch64.whl", hash = "sha256:6adf021be7bcc0d65deaaf9148a8637831cc291c84262df02ef59d51425a2ba3", size = 8496077, upload-time = "2025-05-19T14:16:44.458Z" },
    { url = "https://files.pythonhosted.org/packages/3d/8e/fa2d981fd8124bfcbd8c671b678619ecb9b82400f361516682fa902b8e24/viam_sdk-0.47.0-py3-none-manylinux2014_x86_64.whl", hash = "sha256:617ca2b70cd8963f6635623249e61754e7a480a9fa18beba49e5d00f5ded4c34", size = 8564341, upload-time = "2025-05-19T14:16:46.58Z" },
    { url = "https://files.pythonhosted.org/packages/9a/d9/ef3e309cb06ae59f5d269be135521f8b8d7b895ac8a292392305ed5e4c46/viam_sdk-0.47.0-py3-none-musllinux_1_2_aarch64.whl", hash = "sha256:0fe0ded58d259c1cc32987220c89b2c9c3a7f7e5342842389f5dde7181a8f54f", size = 8369035, upload-time = "2025-05-19T14:16:48.21Z" },
    { url = "https://files.pythonhosted.org/packages/0f/63/1bd9c45464fbee837877fe0802d98d42ea1f51499045757a0fda3bcc9887/viam_sdk-0.47.0-py3-none-musllinux_1_2_armv7l.whl", hash = "sha256:69af8f6cf9c6021ef78333d8a33fad93b9042af8d236a81114a9512895979f97", size = 8196474, upload-time = "2025-05-19T14:16:49.516Z" },
    { url = "https://files.pythonhosted.org/packages/f7/3e/5efdde6c2cc8408b4c9a7bb83f06fb7eab7f8e7f43b7d84ea5be7e9fcbfa/viam_sdk-0.47.0-py3-none-musllinux_1_2_i686.whl", hash = "sha256:bad7a46d72c140715887ee77d3465c615b8104d8ad9b4d71608fa4331e65588c", size = 8455884, upload-time = "2025-05-19T14:16:50.934Z" },
    { url = "https://files.pythonhosted.org/packages/ac/3a/d81cdb81742ca08bbf03fd9dca06f099e74a549e5150a53e38f88f42b65a/viam_sdk-0.47.0-py3-none-musllinux_1_2_x86_64.whl", hash = "sha256:b05773747226b86731e7aa1ffdb285b9505afac7d11439e4564eaa0e530bace8", size = 8565021, upload-time = "2025-05-19T14:16:52.96Z" },
    { url = "https://files.pythonhosted.org/packages/18/b6/7e441982ceb9e8daec430a703032c39c614b35c13d24e7af2718a0701392/viam_sdk-0.47.0-py3-none-win_amd64.whl", hash = "sha256:9df355a5ea0e2b2eb8cc4a58e9801874ccd101ecf675e2c16eccc498683d3cb0", size = 7176516, upload-time = "2025-05-19T14:16:54.49Z" },
]
